
Microsoft Visual Studio Solution File, Format Version 12.00
# Visual Studio Version 17
VisualStudioVersion = 17.11.35327.3
MinimumVisualStudioVersion = 10.0.40219.1
Project("{FAE04EC0-301F-11D3-BF4B-00C04F79EFBC}") = "Grafy", "Grafy.csproj", "{5F9446ED-BDA9-460D-AAAC-FAFDD58D568B}"
EndProject
Global
	GlobalSection(SolutionConfigurationPlatforms) = preSolution
		Debug|Any CPU = Debug|Any CPU
		Release|Any CPU = Release|Any CPU
	EndGlobalSection
	GlobalSection(ProjectConfigurationPlatforms) = postSolution
		{5F9446ED-BDA9-460D-AAAC-FAFDD58D568B}.Debug|Any CPU.ActiveCfg = Debug|Any CPU
		{5F9446ED-BDA9-460D-AAAC-FAFDD58D568B}.Debug|Any CPU.Build.0 = Debug|Any CPU
		{5F9446ED-BDA9-460D-AAAC-FAFDD58D568B}.Release|Any CPU.ActiveCfg = Release|Any CPU
		{5F9446ED-BDA9-460D-AAAC-FAFDD58D568B}.Release|Any CPU.Build.0 = Release|Any CPU
	EndGlobalSection
	GlobalSection(SolutionProperties) = preSolution
		HideSolutionNode = FALSE
	EndGlobalSection
	GlobalSection(ExtensibilityGlobals) = postSolution
		SolutionGuid = {2475402C-0C40-4DCB-A658-523357B0DC75}
	EndGlobalSection
EndGlobal
